// !$*UTF8*$!
{
	archiveVersion = 1;
	classes = {
	};
	objectVersion = 56;
	objects = {

/* Begin PBXBuildFile section */
		D324DFB82BF1998F009C000C /* Coin.swift in Sources */ = {isa = PBXBuildFile; fileRef = D324DFB72BF1998F009C000C /* Coin.swift */; };
		D324DFBB2BF1A151009C000C /* PreviewProvider.swift in Sources */ = {isa = PBXBuildFile; fileRef = D324DFBA2BF1A151009C000C /* PreviewProvider.swift */; };
		D324DFBD2BF1A416009C000C /* Double.swift in Sources */ = {isa = PBXBuildFile; fileRef = D324DFBC2BF1A416009C000C /* Double.swift */; };
		D33CCB272C24E10700C5973B /* AddAssetView.swift in Sources */ = {isa = PBXBuildFile; fileRef = D33CCB262C24E10700C5973B /* AddAssetView.swift */; };
		D33CCB292C24E49100C5973B /* EditHoldingValueView.swift in Sources */ = {isa = PBXBuildFile; fileRef = D33CCB282C24E49100C5973B /* EditHoldingValueView.swift */; };
		D34173EA2C002CFB00069824 /* NetworkService.swift in Sources */ = {isa = PBXBuildFile; fileRef = D34173E92C002CFB00069824 /* NetworkService.swift */; };
		D34173EC2C00309A00069824 /* CoinPrice.swift in Sources */ = {isa = PBXBuildFile; fileRef = D34173EB2C00309A00069824 /* CoinPrice.swift */; };
		D34173EE2C0030DB00069824 /* CoinChartData.swift in Sources */ = {isa = PBXBuildFile; fileRef = D34173ED2C0030DB00069824 /* CoinChartData.swift */; };
		D34173F02C00340500069824 /* CoinPriceViewModel.swift in Sources */ = {isa = PBXBuildFile; fileRef = D34173EF2C00340500069824 /* CoinPriceViewModel.swift */; };
		D34173F22C00360900069824 /* CoinChartViewModel.swift in Sources */ = {isa = PBXBuildFile; fileRef = D34173F12C00360900069824 /* CoinChartViewModel.swift */; };
		D34173F42C00369600069824 /* CoinDetailView.swift in Sources */ = {isa = PBXBuildFile; fileRef = D34173F32C00369600069824 /* CoinDetailView.swift */; };
		D36AB2202BEDAE9100F2262E /* CryptoWalletApp.swift in Sources */ = {isa = PBXBuildFile; fileRef = D36AB21F2BEDAE9100F2262E /* CryptoWalletApp.swift */; };
		D36AB2222BEDAE9100F2262E /* ContentView.swift in Sources */ = {isa = PBXBuildFile; fileRef = D36AB2212BEDAE9100F2262E /* ContentView.swift */; };
		D36AB2242BEDAE9400F2262E /* Assets.xcassets in Resources */ = {isa = PBXBuildFile; fileRef = D36AB2232BEDAE9400F2262E /* Assets.xcassets */; };
		D36AB2272BEDAE9400F2262E /* Preview Assets.xcassets in Resources */ = {isa = PBXBuildFile; fileRef = D36AB2262BEDAE9400F2262E /* Preview Assets.xcassets */; };
		D36AB2312BEDAE9400F2262E /* CryptoWalletTests.swift in Sources */ = {isa = PBXBuildFile; fileRef = D36AB2302BEDAE9400F2262E /* CryptoWalletTests.swift */; };
		D36AB23B2BEDAE9500F2262E /* CryptoWalletUITests.swift in Sources */ = {isa = PBXBuildFile; fileRef = D36AB23A2BEDAE9500F2262E /* CryptoWalletUITests.swift */; };
		D36AB23D2BEDAE9500F2262E /* CryptoWalletUITestsLaunchTests.swift in Sources */ = {isa = PBXBuildFile; fileRef = D36AB23C2BEDAE9500F2262E /* CryptoWalletUITestsLaunchTests.swift */; };
		D36AB24C2BEDAF1C00F2262E /* DashboardView.swift in Sources */ = {isa = PBXBuildFile; fileRef = D36AB24B2BEDAF1C00F2262E /* DashboardView.swift */; };
		D374FD812BF3A11E0075FC61 /* Neumorphic in Frameworks */ = {isa = PBXBuildFile; productRef = D374FD802BF3A11E0075FC61 /* Neumorphic */; };
		D374FD862BF3C6A40075FC61 /* CoinDetailViewModel.swift in Sources */ = {isa = PBXBuildFile; fileRef = D374FD852BF3C6A40075FC61 /* CoinDetailViewModel.swift */; };
		D3777A4F2BF51BDF00D2C053 /* HoldingCoinModel.swift in Sources */ = {isa = PBXBuildFile; fileRef = D3777A4E2BF51BDE00D2C053 /* HoldingCoinModel.swift */; };
		D393A7C72BEF7C6C00287F29 /* SwiftUICharts in Frameworks */ = {isa = PBXBuildFile; productRef = D393A7C62BEF7C6C00287F29 /* SwiftUICharts */; };
		D393A7CE2BEFDAD600287F29 /* AssetDetailView.swift in Sources */ = {isa = PBXBuildFile; fileRef = D393A7CD2BEFDAD600287F29 /* AssetDetailView.swift */; };
		D393A7D02BEFE1A200287F29 /* AssetSummary.swift in Sources */ = {isa = PBXBuildFile; fileRef = D393A7CF2BEFE1A200287F29 /* AssetSummary.swift */; };
		D393A7D32BF0F00700287F29 /* LineChartView in Frameworks */ = {isa = PBXBuildFile; productRef = D393A7D22BF0F00700287F29 /* LineChartView */; };
		D3BC04902CDC4282000B5E1B /* btcData.json in Resources */ = {isa = PBXBuildFile; fileRef = D3BC048F2CDC4282000B5E1B /* btcData.json */; };
		D3BC04922CDC428D000B5E1B /* holdingCoins.json in Resources */ = {isa = PBXBuildFile; fileRef = D3BC04912CDC428D000B5E1B /* holdingCoins.json */; };
		D3D8A0C72C0463FC002EFCD0 /* SegmentedPicker.swift in Sources */ = {isa = PBXBuildFile; fileRef = D3D8A0C62C0463FC002EFCD0 /* SegmentedPicker.swift */; };
		D3F65B452BF3578F009677FC /* AssetsColumnView.swift in Sources */ = {isa = PBXBuildFile; fileRef = D3F65B442BF3578E009677FC /* AssetsColumnView.swift */; };
		D3F8D4042BEF409B00015D7F /* Urbanist-Italic.ttf in Resources */ = {isa = PBXBuildFile; fileRef = D3F8D3F22BEF409900015D7F /* Urbanist-Italic.ttf */; };
		D3F8D4052BEF409B00015D7F /* Urbanist-ExtraLightItalic.ttf in Resources */ = {isa = PBXBuildFile; fileRef = D3F8D3F32BEF409900015D7F /* Urbanist-ExtraLightItalic.ttf */; };
		D3F8D4062BEF409B00015D7F /* Urbanist-Medium.ttf in Resources */ = {isa = PBXBuildFile; fileRef = D3F8D3F42BEF409A00015D7F /* Urbanist-Medium.ttf */; };
		D3F8D4072BEF409B00015D7F /* Urbanist-ExtraLight.ttf in Resources */ = {isa = PBXBuildFile; fileRef = D3F8D3F52BEF409A00015D7F /* Urbanist-ExtraLight.ttf */; };
		D3F8D4082BEF409B00015D7F /* Urbanist-Black.ttf in Resources */ = {isa = PBXBuildFile; fileRef = D3F8D3F62BEF409A00015D7F /* Urbanist-Black.ttf */; };
		D3F8D4092BEF409B00015D7F /* Urbanist-ExtraBold.ttf in Resources */ = {isa = PBXBuildFile; fileRef = D3F8D3F72BEF409A00015D7F /* Urbanist-ExtraBold.ttf */; };
		D3F8D40A2BEF409B00015D7F /* Urbanist-ExtraBoldItalic.ttf in Resources */ = {isa = PBXBuildFile; fileRef = D3F8D3F82BEF409A00015D7F /* Urbanist-ExtraBoldItalic.ttf */; };
		D3F8D40B2BEF409B00015D7F /* Urbanist-SemiBold.ttf in Resources */ = {isa = PBXBuildFile; fileRef = D3F8D3F92BEF409A00015D7F /* Urbanist-SemiBold.ttf */; };
		D3F8D40C2BEF409B00015D7F /* Urbanist-ThinItalic.ttf in Resources */ = {isa = PBXBuildFile; fileRef = D3F8D3FA2BEF409A00015D7F /* Urbanist-ThinItalic.ttf */; };
		D3F8D40D2BEF409B00015D7F /* Urbanist-Thin.ttf in Resources */ = {isa = PBXBuildFile; fileRef = D3F8D3FB2BEF409A00015D7F /* Urbanist-Thin.ttf */; };
		D3F8D40E2BEF409B00015D7F /* Urbanist-Light.ttf in Resources */ = {isa = PBXBuildFile; fileRef = D3F8D3FC2BEF409A00015D7F /* Urbanist-Light.ttf */; };
		D3F8D40F2BEF409B00015D7F /* Urbanist-LightItalic.ttf in Resources */ = {isa = PBXBuildFile; fileRef = D3F8D3FD2BEF409A00015D7F /* Urbanist-LightItalic.ttf */; };
		D3F8D4102BEF409B00015D7F /* Urbanist-MediumItalic.ttf in Resources */ = {isa = PBXBuildFile; fileRef = D3F8D3FE2BEF409A00015D7F /* Urbanist-MediumItalic.ttf */; };
		D3F8D4112BEF409B00015D7F /* Urbanist-Regular.ttf in Resources */ = {isa = PBXBuildFile; fileRef = D3F8D3FF2BEF409A00015D7F /* Urbanist-Regular.ttf */; };
		D3F8D4122BEF409B00015D7F /* Urbanist-Bold.ttf in Resources */ = {isa = PBXBuildFile; fileRef = D3F8D4002BEF409A00015D7F /* Urbanist-Bold.ttf */; };
		D3F8D4132BEF409B00015D7F /* Urbanist-BlackItalic.ttf in Resources */ = {isa = PBXBuildFile; fileRef = D3F8D4012BEF409A00015D7F /* Urbanist-BlackItalic.ttf */; };
		D3F8D4142BEF409B00015D7F /* Urbanist-BoldItalic.ttf in Resources */ = {isa = PBXBuildFile; fileRef = D3F8D4022BEF409A00015D7F /* Urbanist-BoldItalic.ttf */; };
		D3F8D4152BEF409B00015D7F /* Urbanist-SemiBoldItalic.ttf in Resources */ = {isa = PBXBuildFile; fileRef = D3F8D4032BEF409B00015D7F /* Urbanist-SemiBoldItalic.ttf */; };
/* End PBXBuildFile section */

/* Begin PBXContainerItemProxy section */
		D36AB22D2BEDAE9400F2262E /* PBXContainerItemProxy */ = {
			isa = PBXContainerItemProxy;
			containerPortal = D36AB2142BEDAE9100F2262E /* Project object */;
			proxyType = 1;
			remoteGlobalIDString = D36AB21B2BEDAE9100F2262E;
			remoteInfo = CryptoWallet;
		};
		D36AB2372BEDAE9500F2262E /* PBXContainerItemProxy */ = {
			isa = PBXContainerItemProxy;
			containerPortal = D36AB2142BEDAE9100F2262E /* Project object */;
			proxyType = 1;
			remoteGlobalIDString = D36AB21B2BEDAE9100F2262E;
			remoteInfo = CryptoWallet;
		};
/* End PBXContainerItemProxy section */

/* Begin PBXFileReference section */
		D324DFB72BF1998F009C000C /* Coin.swift */ = {isa = PBXFileReference; lastKnownFileType = sourcecode.swift; path = Coin.swift; sourceTree = "<group>"; };
		D324DFBA2BF1A151009C000C /* PreviewProvider.swift */ = {isa = PBXFileReference; lastKnownFileType = sourcecode.swift; path = PreviewProvider.swift; sourceTree = "<group>"; };
		D324DFBC2BF1A416009C000C /* Double.swift */ = {isa = PBXFileReference; lastKnownFileType = sourcecode.swift; path = Double.swift; sourceTree = "<group>"; };
		D33CCB262C24E10700C5973B /* AddAssetView.swift */ = {isa = PBXFileReference; lastKnownFileType = sourcecode.swift; path = AddAssetView.swift; sourceTree = "<group>"; };
		D33CCB282C24E49100C5973B /* EditHoldingValueView.swift */ = {isa = PBXFileReference; lastKnownFileType = sourcecode.swift; path = EditHoldingValueView.swift; sourceTree = "<group>"; };
		D34173E92C002CFB00069824 /* NetworkService.swift */ = {isa = PBXFileReference; lastKnownFileType = sourcecode.swift; path = NetworkService.swift; sourceTree = "<group>"; };
		D34173EB2C00309A00069824 /* CoinPrice.swift */ = {isa = PBXFileReference; lastKnownFileType = sourcecode.swift; path = CoinPrice.swift; sourceTree = "<group>"; };
		D34173ED2C0030DB00069824 /* CoinChartData.swift */ = {isa = PBXFileReference; lastKnownFileType = sourcecode.swift; path = CoinChartData.swift; sourceTree = "<group>"; };
		D34173EF2C00340500069824 /* CoinPriceViewModel.swift */ = {isa = PBXFileReference; lastKnownFileType = sourcecode.swift; path = CoinPriceViewModel.swift; sourceTree = "<group>"; };
		D34173F12C00360900069824 /* CoinChartViewModel.swift */ = {isa = PBXFileReference; lastKnownFileType = sourcecode.swift; path = CoinChartViewModel.swift; sourceTree = "<group>"; };
		D34173F32C00369600069824 /* CoinDetailView.swift */ = {isa = PBXFileReference; lastKnownFileType = sourcecode.swift; path = CoinDetailView.swift; sourceTree = "<group>"; };
		D36AB21C2BEDAE9100F2262E /* CryptoWallet.app */ = {isa = PBXFileReference; explicitFileType = wrapper.application; includeInIndex = 0; path = CryptoWallet.app; sourceTree = BUILT_PRODUCTS_DIR; };
		D36AB21F2BEDAE9100F2262E /* CryptoWalletApp.swift */ = {isa = PBXFileReference; lastKnownFileType = sourcecode.swift; path = CryptoWalletApp.swift; sourceTree = "<group>"; };
		D36AB2212BEDAE9100F2262E /* ContentView.swift */ = {isa = PBXFileReference; lastKnownFileType = sourcecode.swift; path = ContentView.swift; sourceTree = "<group>"; };
		D36AB2232BEDAE9400F2262E /* Assets.xcassets */ = {isa = PBXFileReference; lastKnownFileType = folder.assetcatalog; path = Assets.xcassets; sourceTree = "<group>"; };
		D36AB2262BEDAE9400F2262E /* Preview Assets.xcassets */ = {isa = PBXFileReference; lastKnownFileType = folder.assetcatalog; path = "Preview Assets.xcassets"; sourceTree = "<group>"; };
		D36AB22C2BEDAE9400F2262E /* CryptoWalletTests.xctest */ = {isa = PBXFileReference; explicitFileType = wrapper.cfbundle; includeInIndex = 0; path = CryptoWalletTests.xctest; sourceTree = BUILT_PRODUCTS_DIR; };
		D36AB2302BEDAE9400F2262E /* CryptoWalletTests.swift */ = {isa = PBXFileReference; lastKnownFileType = sourcecode.swift; path = CryptoWalletTests.swift; sourceTree = "<group>"; };
		D36AB2362BEDAE9500F2262E /* CryptoWalletUITests.xctest */ = {isa = PBXFileReference; explicitFileType = wrapper.cfbundle; includeInIndex = 0; path = CryptoWalletUITests.xctest; sourceTree = BUILT_PRODUCTS_DIR; };
		D36AB23A2BEDAE9500F2262E /* CryptoWalletUITests.swift */ = {isa = PBXFileReference; lastKnownFileType = sourcecode.swift; path = CryptoWalletUITests.swift; sourceTree = "<group>"; };
		D36AB23C2BEDAE9500F2262E /* CryptoWalletUITestsLaunchTests.swift */ = {isa = PBXFileReference; lastKnownFileType = sourcecode.swift; path = CryptoWalletUITestsLaunchTests.swift; sourceTree = "<group>"; };
		D36AB24B2BEDAF1C00F2262E /* DashboardView.swift */ = {isa = PBXFileReference; lastKnownFileType = sourcecode.swift; path = DashboardView.swift; sourceTree = "<group>"; };
		D374FD852BF3C6A40075FC61 /* CoinDetailViewModel.swift */ = {isa = PBXFileReference; lastKnownFileType = sourcecode.swift; path = CoinDetailViewModel.swift; sourceTree = "<group>"; };
		D3777A4E2BF51BDE00D2C053 /* HoldingCoinModel.swift */ = {isa = PBXFileReference; lastKnownFileType = sourcecode.swift; path = HoldingCoinModel.swift; sourceTree = "<group>"; };
		D393A7CD2BEFDAD600287F29 /* AssetDetailView.swift */ = {isa = PBXFileReference; lastKnownFileType = sourcecode.swift; path = AssetDetailView.swift; sourceTree = "<group>"; };
		D393A7CF2BEFE1A200287F29 /* AssetSummary.swift */ = {isa = PBXFileReference; lastKnownFileType = sourcecode.swift; path = AssetSummary.swift; sourceTree = "<group>"; };
		D3BC048F2CDC4282000B5E1B /* btcData.json */ = {isa = PBXFileReference; fileEncoding = 4; lastKnownFileType = text.json; path = btcData.json; sourceTree = "<group>"; };
		D3BC04912CDC428D000B5E1B /* holdingCoins.json */ = {isa = PBXFileReference; fileEncoding = 4; lastKnownFileType = text.json; path = holdingCoins.json; sourceTree = "<group>"; };
		D3D8A0C62C0463FC002EFCD0 /* SegmentedPicker.swift */ = {isa = PBXFileReference; lastKnownFileType = sourcecode.swift; path = SegmentedPicker.swift; sourceTree = "<group>"; };
		D3F65B442BF3578E009677FC /* AssetsColumnView.swift */ = {isa = PBXFileReference; lastKnownFileType = sourcecode.swift; path = AssetsColumnView.swift; sourceTree = "<group>"; };
		D3F8D3F22BEF409900015D7F /* Urbanist-Italic.ttf */ = {isa = PBXFileReference; lastKnownFileType = file; path = "Urbanist-Italic.ttf"; sourceTree = "<group>"; };
		D3F8D3F32BEF409900015D7F /* Urbanist-ExtraLightItalic.ttf */ = {isa = PBXFileReference; lastKnownFileType = file; path = "Urbanist-ExtraLightItalic.ttf"; sourceTree = "<group>"; };
		D3F8D3F42BEF409A00015D7F /* Urbanist-Medium.ttf */ = {isa = PBXFileReference; lastKnownFileType = file; path = "Urbanist-Medium.ttf"; sourceTree = "<group>"; };
		D3F8D3F52BEF409A00015D7F /* Urbanist-ExtraLight.ttf */ = {isa = PBXFileReference; lastKnownFileType = file; path = "Urbanist-ExtraLight.ttf"; sourceTree = "<group>"; };
		D3F8D3F62BEF409A00015D7F /* Urbanist-Black.ttf */ = {isa = PBXFileReference; lastKnownFileType = file; path = "Urbanist-Black.ttf"; sourceTree = "<group>"; };
		D3F8D3F72BEF409A00015D7F /* Urbanist-ExtraBold.ttf */ = {isa = PBXFileReference; lastKnownFileType = file; path = "Urbanist-ExtraBold.ttf"; sourceTree = "<group>"; };
		D3F8D3F82BEF409A00015D7F /* Urbanist-ExtraBoldItalic.ttf */ = {isa = PBXFileReference; lastKnownFileType = file; path = "Urbanist-ExtraBoldItalic.ttf"; sourceTree = "<group>"; };
		D3F8D3F92BEF409A00015D7F /* Urbanist-SemiBold.ttf */ = {isa = PBXFileReference; lastKnownFileType = file; path = "Urbanist-SemiBold.ttf"; sourceTree = "<group>"; };
		D3F8D3FA2BEF409A00015D7F /* Urbanist-ThinItalic.ttf */ = {isa = PBXFileReference; lastKnownFileType = file; path = "Urbanist-ThinItalic.ttf"; sourceTree = "<group>"; };
		D3F8D3FB2BEF409A00015D7F /* Urbanist-Thin.ttf */ = {isa = PBXFileReference; lastKnownFileType = file; path = "Urbanist-Thin.ttf"; sourceTree = "<group>"; };
		D3F8D3FC2BEF409A00015D7F /* Urbanist-Light.ttf */ = {isa = PBXFileReference; lastKnownFileType = file; path = "Urbanist-Light.ttf"; sourceTree = "<group>"; };
		D3F8D3FD2BEF409A00015D7F /* Urbanist-LightItalic.ttf */ = {isa = PBXFileReference; lastKnownFileType = file; path = "Urbanist-LightItalic.ttf"; sourceTree = "<group>"; };
		D3F8D3FE2BEF409A00015D7F /* Urbanist-MediumItalic.ttf */ = {isa = PBXFileReference; lastKnownFileType = file; path = "Urbanist-MediumItalic.ttf"; sourceTree = "<group>"; };
		D3F8D3FF2BEF409A00015D7F /* Urbanist-Regular.ttf */ = {isa = PBXFileReference; lastKnownFileType = file; path = "Urbanist-Regular.ttf"; sourceTree = "<group>"; };
		D3F8D4002BEF409A00015D7F /* Urbanist-Bold.ttf */ = {isa = PBXFileReference; lastKnownFileType = file; path = "Urbanist-Bold.ttf"; sourceTree = "<group>"; };
		D3F8D4012BEF409A00015D7F /* Urbanist-BlackItalic.ttf */ = {isa = PBXFileReference; lastKnownFileType = file; path = "Urbanist-BlackItalic.ttf"; sourceTree = "<group>"; };
		D3F8D4022BEF409A00015D7F /* Urbanist-BoldItalic.ttf */ = {isa = PBXFileReference; lastKnownFileType = file; path = "Urbanist-BoldItalic.ttf"; sourceTree = "<group>"; };
		D3F8D4032BEF409B00015D7F /* Urbanist-SemiBoldItalic.ttf */ = {isa = PBXFileReference; lastKnownFileType = file; path = "Urbanist-SemiBoldItalic.ttf"; sourceTree = "<group>"; };
		D3F8D4172BEF436900015D7F /* Info.plist */ = {isa = PBXFileReference; lastKnownFileType = text.plist.xml; path = Info.plist; sourceTree = "<group>"; };
/* End PBXFileReference section */

/* Begin PBXFrameworksBuildPhase section */
		D36AB2192BEDAE9100F2262E /* Frameworks */ = {
			isa = PBXFrameworksBuildPhase;
			buildActionMask = 2147483647;
			files = (
				D393A7D32BF0F00700287F29 /* LineChartView in Frameworks */,
				D393A7C72BEF7C6C00287F29 /* SwiftUICharts in Frameworks */,
				D374FD812BF3A11E0075FC61 /* Neumorphic in Frameworks */,
			);
			runOnlyForDeploymentPostprocessing = 0;
		};
		D36AB2292BEDAE9400F2262E /* Frameworks */ = {
			isa = PBXFrameworksBuildPhase;
			buildActionMask = 2147483647;
			files = (
			);
			runOnlyForDeploymentPostprocessing = 0;
		};
		D36AB2332BEDAE9500F2262E /* Frameworks */ = {
			isa = PBXFrameworksBuildPhase;
			buildActionMask = 2147483647;
			files = (
			);
			runOnlyForDeploymentPostprocessing = 0;
		};
/* End PBXFrameworksBuildPhase section */

/* Begin PBXGroup section */
		D324DFB62BF1997E009C000C /* Model */ = {
			isa = PBXGroup;
			children = (
				D34173F52C0039B600069824 /* View Model */,
				D324DFB72BF1998F009C000C /* Coin.swift */,
				D34173EB2C00309A00069824 /* CoinPrice.swift */,
				D34173ED2C0030DB00069824 /* CoinChartData.swift */,
			);
			path = Model;
			sourceTree = "<group>";
		};
		D324DFB92BF1A0D1009C000C /* Extensions */ = {
			isa = PBXGroup;
			children = (
				D324DFBA2BF1A151009C000C /* PreviewProvider.swift */,
				D324DFBC2BF1A416009C000C /* Double.swift */,
			);
			path = Extensions;
			sourceTree = "<group>";
		};
		D34173E82C002CCA00069824 /* Utilities */ = {
			isa = PBXGroup;
			children = (
				D34173E92C002CFB00069824 /* NetworkService.swift */,
			);
			path = Utilities;
			sourceTree = "<group>";
		};
		D34173F52C0039B600069824 /* View Model */ = {
			isa = PBXGroup;
			children = (
				D374FD852BF3C6A40075FC61 /* CoinDetailViewModel.swift */,
				D34173EF2C00340500069824 /* CoinPriceViewModel.swift */,
				D34173F12C00360900069824 /* CoinChartViewModel.swift */,
				D3777A4E2BF51BDE00D2C053 /* HoldingCoinModel.swift */,
			);
			path = "View Model";
			sourceTree = "<group>";
		};
		D36AB2132BEDAE9100F2262E = {
			isa = PBXGroup;
			children = (
				D36AB21E2BEDAE9100F2262E /* CryptoWallet */,
				D36AB22F2BEDAE9400F2262E /* CryptoWalletTests */,
				D36AB2392BEDAE9500F2262E /* CryptoWalletUITests */,
				D36AB21D2BEDAE9100F2262E /* Products */,
			);
			sourceTree = "<group>";
		};
		D36AB21D2BEDAE9100F2262E /* Products */ = {
			isa = PBXGroup;
			children = (
				D36AB21C2BEDAE9100F2262E /* CryptoWallet.app */,
				D36AB22C2BEDAE9400F2262E /* CryptoWalletTests.xctest */,
				D36AB2362BEDAE9500F2262E /* CryptoWalletUITests.xctest */,
			);
			name = Products;
			sourceTree = "<group>";
		};
		D36AB21E2BEDAE9100F2262E /* CryptoWallet */ = {
			isa = PBXGroup;
			children = (
				D3BC048B2CDC4228000B5E1B /* Core */,
				D34173E82C002CCA00069824 /* Utilities */,
				D393A7CC2BEFDA6E00287F29 /* Resources */,
				D324DFB92BF1A0D1009C000C /* Extensions */,
				D3F8D4172BEF436900015D7F /* Info.plist */,
				D393A7C92BEFD9F100287F29 /* Source */,
				D36AB2252BEDAE9400F2262E /* Preview Content */,
			);
			path = CryptoWallet;
			sourceTree = "<group>";
		};
		D36AB2252BEDAE9400F2262E /* Preview Content */ = {
			isa = PBXGroup;
			children = (
				D36AB2262BEDAE9400F2262E /* Preview Assets.xcassets */,
			);
			path = "Preview Content";
			sourceTree = "<group>";
		};
		D36AB22F2BEDAE9400F2262E /* CryptoWalletTests */ = {
			isa = PBXGroup;
			children = (
				D36AB2302BEDAE9400F2262E /* CryptoWalletTests.swift */,
			);
			path = CryptoWalletTests;
			sourceTree = "<group>";
		};
		D36AB2392BEDAE9500F2262E /* CryptoWalletUITests */ = {
			isa = PBXGroup;
			children = (
				D36AB23A2BEDAE9500F2262E /* CryptoWalletUITests.swift */,
				D36AB23C2BEDAE9500F2262E /* CryptoWalletUITestsLaunchTests.swift */,
			);
			path = CryptoWalletUITests;
			sourceTree = "<group>";
		};
		D393A7C82BEFD9D000287F29 /* User Interface */ = {
			isa = PBXGroup;
			children = (
				D36AB21F2BEDAE9100F2262E /* CryptoWalletApp.swift */,
				D36AB2212BEDAE9100F2262E /* ContentView.swift */,
				D33CCB282C24E49100C5973B /* EditHoldingValueView.swift */,
				D3F65B442BF3578E009677FC /* AssetsColumnView.swift */,
				D36AB24B2BEDAF1C00F2262E /* DashboardView.swift */,
				D393A7CD2BEFDAD600287F29 /* AssetDetailView.swift */,
				D33CCB262C24E10700C5973B /* AddAssetView.swift */,
				D393A7CF2BEFE1A200287F29 /* AssetSummary.swift */,
				D34173F32C00369600069824 /* CoinDetailView.swift */,
			);
			path = "User Interface";
			sourceTree = "<group>";
		};
		D393A7C92BEFD9F100287F29 /* Source */ = {
			isa = PBXGroup;
			children = (
				D3D8A0C42C0463C1002EFCD0 /* Helper */,
				D324DFB62BF1997E009C000C /* Model */,
				D393A7C82BEFD9D000287F29 /* User Interface */,
			);
			path = Source;
			sourceTree = "<group>";
		};
		D393A7CC2BEFDA6E00287F29 /* Resources */ = {
			isa = PBXGroup;
			children = (
				D3F8D4162BEF40A700015D7F /* UrbanistFont */,
				D36AB2232BEDAE9400F2262E /* Assets.xcassets */,
			);
			path = Resources;
			sourceTree = "<group>";
		};
		D3BC048B2CDC4228000B5E1B /* Core */ = {
			isa = PBXGroup;
			children = (
				D3BC048C2CDC422F000B5E1B /* Data */,
			);
			path = Core;
			sourceTree = "<group>";
		};
		D3BC048C2CDC422F000B5E1B /* Data */ = {
			isa = PBXGroup;
			children = (
				D3BC048F2CDC4282000B5E1B /* btcData.json */,
				D3BC04912CDC428D000B5E1B /* holdingCoins.json */,
			);
			path = Data;
			sourceTree = "<group>";
		};
		D3D8A0C42C0463C1002EFCD0 /* Helper */ = {
			isa = PBXGroup;
			children = (
				D3D8A0C52C0463DB002EFCD0 /* Custom Style */,
			);
			path = Helper;
			sourceTree = "<group>";
		};
		D3D8A0C52C0463DB002EFCD0 /* Custom Style */ = {
			isa = PBXGroup;
			children = (
				D3D8A0C62C0463FC002EFCD0 /* SegmentedPicker.swift */,
			);
			path = "Custom Style";
			sourceTree = "<group>";
		};
		D3F8D4162BEF40A700015D7F /* UrbanistFont */ = {
			isa = PBXGroup;
			children = (
				D3F8D3F62BEF409A00015D7F /* Urbanist-Black.ttf */,
				D3F8D4012BEF409A00015D7F /* Urbanist-BlackItalic.ttf */,
				D3F8D4002BEF409A00015D7F /* Urbanist-Bold.ttf */,
				D3F8D4022BEF409A00015D7F /* Urbanist-BoldItalic.ttf */,
				D3F8D3F72BEF409A00015D7F /* Urbanist-ExtraBold.ttf */,
				D3F8D3F82BEF409A00015D7F /* Urbanist-ExtraBoldItalic.ttf */,
				D3F8D3F52BEF409A00015D7F /* Urbanist-ExtraLight.ttf */,
				D3F8D3F32BEF409900015D7F /* Urbanist-ExtraLightItalic.ttf */,
				D3F8D3F22BEF409900015D7F /* Urbanist-Italic.ttf */,
				D3F8D3FC2BEF409A00015D7F /* Urbanist-Light.ttf */,
				D3F8D3FD2BEF409A00015D7F /* Urbanist-LightItalic.ttf */,
				D3F8D3F42BEF409A00015D7F /* Urbanist-Medium.ttf */,
				D3F8D3FE2BEF409A00015D7F /* Urbanist-MediumItalic.ttf */,
				D3F8D3FF2BEF409A00015D7F /* Urbanist-Regular.ttf */,
				D3F8D3F92BEF409A00015D7F /* Urbanist-SemiBold.ttf */,
				D3F8D4032BEF409B00015D7F /* Urbanist-SemiBoldItalic.ttf */,
				D3F8D3FB2BEF409A00015D7F /* Urbanist-Thin.ttf */,
				D3F8D3FA2BEF409A00015D7F /* Urbanist-ThinItalic.ttf */,
			);
			path = UrbanistFont;
			sourceTree = "<group>";
		};
/* End PBXGroup section */

/* Begin PBXNativeTarget section */
		D36AB21B2BEDAE9100F2262E /* CryptoWallet */ = {
			isa = PBXNativeTarget;
			buildConfigurationList = D36AB2402BEDAE9500F2262E /* Build configuration list for PBXNativeTarget "CryptoWallet" */;
			buildPhases = (
				D36AB2182BEDAE9100F2262E /* Sources */,
				D36AB2192BEDAE9100F2262E /* Frameworks */,
				D36AB21A2BEDAE9100F2262E /* Resources */,
			);
			buildRules = (
			);
			dependencies = (
			);
			name = CryptoWallet;
			packageProductDependencies = (
				D393A7C62BEF7C6C00287F29 /* SwiftUICharts */,
				D393A7D22BF0F00700287F29 /* LineChartView */,
				D374FD802BF3A11E0075FC61 /* Neumorphic */,
			);
			productName = CryptoWallet;
			productReference = D36AB21C2BEDAE9100F2262E /* CryptoWallet.app */;
			productType = "com.apple.product-type.application";
		};
		D36AB22B2BEDAE9400F2262E /* CryptoWalletTests */ = {
			isa = PBXNativeTarget;
			buildConfigurationList = D36AB2432BEDAE9500F2262E /* Build configuration list for PBXNativeTarget "CryptoWalletTests" */;
			buildPhases = (
				D36AB2282BEDAE9400F2262E /* Sources */,
				D36AB2292BEDAE9400F2262E /* Frameworks */,
				D36AB22A2BEDAE9400F2262E /* Resources */,
			);
			buildRules = (
			);
			dependencies = (
				D36AB22E2BEDAE9400F2262E /* PBXTargetDependency */,
			);
			name = CryptoWalletTests;
			productName = CryptoWalletTests;
			productReference = D36AB22C2BEDAE9400F2262E /* CryptoWalletTests.xctest */;
			productType = "com.apple.product-type.bundle.unit-test";
		};
		D36AB2352BEDAE9500F2262E /* CryptoWalletUITests */ = {
			isa = PBXNativeTarget;
			buildConfigurationList = D36AB2462BEDAE9500F2262E /* Build configuration list for PBXNativeTarget "CryptoWalletUITests" */;
			buildPhases = (
				D36AB2322BEDAE9500F2262E /* Sources */,
				D36AB2332BEDAE9500F2262E /* Frameworks */,
				D36AB2342BEDAE9500F2262E /* Resources */,
			);
			buildRules = (
			);
			dependencies = (
				D36AB2382BEDAE9500F2262E /* PBXTargetDependency */,
			);
			name = CryptoWalletUITests;
			productName = CryptoWalletUITests;
			productReference = D36AB2362BEDAE9500F2262E /* CryptoWalletUITests.xctest */;
			productType = "com.apple.product-type.bundle.ui-testing";
		};
/* End PBXNativeTarget section */

/* Begin PBXProject section */
		D36AB2142BEDAE9100F2262E /* Project object */ = {
			isa = PBXProject;
			attributes = {
				BuildIndependentTargetsInParallel = 1;
				LastSwiftUpdateCheck = 1530;
				LastUpgradeCheck = 1530;
				TargetAttributes = {
					D36AB21B2BEDAE9100F2262E = {
						CreatedOnToolsVersion = 15.3;
					};
					D36AB22B2BEDAE9400F2262E = {
						CreatedOnToolsVersion = 15.3;
						TestTargetID = D36AB21B2BEDAE9100F2262E;
					};
					D36AB2352BEDAE9500F2262E = {
						CreatedOnToolsVersion = 15.3;
						TestTargetID = D36AB21B2BEDAE9100F2262E;
					};
				};
			};
			buildConfigurationList = D36AB2172BEDAE9100F2262E /* Build configuration list for PBXProject "CryptoWallet" */;
			compatibilityVersion = "Xcode 14.0";
			developmentRegion = en;
			hasScannedForEncodings = 0;
			knownRegions = (
				en,
				Base,
			);
			mainGroup = D36AB2132BEDAE9100F2262E;
			packageReferences = (
				D393A7C32BEF7C0400287F29 /* XCRemoteSwiftPackageReference "ChartView" */,
				D393A7D12BF0EFAC00287F29 /* XCRemoteSwiftPackageReference "LineChartView" */,
				D3F65B462BF39E36009677FC /* XCRemoteSwiftPackageReference "neumorphic" */,
			);
			productRefGroup = D36AB21D2BEDAE9100F2262E /* Products */;
			projectDirPath = "";
			projectRoot = "";
			targets = (
				D36AB21B2BEDAE9100F2262E /* CryptoWallet */,
				D36AB22B2BEDAE9400F2262E /* CryptoWalletTests */,
				D36AB2352BEDAE9500F2262E /* CryptoWalletUITests */,
			);
		};
/* End PBXProject section */

/* Begin PBXResourcesBuildPhase section */
		D36AB21A2BEDAE9100F2262E /* Resources */ = {
			isa = PBXResourcesBuildPhase;
			buildActionMask = 2147483647;
			files = (
				D3F8D4132BEF409B00015D7F /* Urbanist-BlackItalic.ttf in Resources */,
				D3BC04902CDC4282000B5E1B /* btcData.json in Resources */,
				D3F8D4072BEF409B00015D7F /* Urbanist-ExtraLight.ttf in Resources */,
				D3F8D4052BEF409B00015D7F /* Urbanist-ExtraLightItalic.ttf in Resources */,
				D3F8D40E2BEF409B00015D7F /* Urbanist-Light.ttf in Resources */,
				D36AB2272BEDAE9400F2262E /* Preview Assets.xcassets in Resources */,
				D36AB2242BEDAE9400F2262E /* Assets.xcassets in Resources */,
				D3F8D4122BEF409B00015D7F /* Urbanist-Bold.ttf in Resources */,
				D3F8D4092BEF409B00015D7F /* Urbanist-ExtraBold.ttf in Resources */,
				D3F8D40C2BEF409B00015D7F /* Urbanist-ThinItalic.ttf in Resources */,
				D3F8D4112BEF409B00015D7F /* Urbanist-Regular.ttf in Resources */,
				D3F8D40F2BEF409B00015D7F /* Urbanist-LightItalic.ttf in Resources */,
				D3F8D4142BEF409B00015D7F /* Urbanist-BoldItalic.ttf in Resources */,
				D3F8D40B2BEF409B00015D7F /* Urbanist-SemiBold.ttf in Resources */,
				D3F8D4152BEF409B00015D7F /* Urbanist-SemiBoldItalic.ttf in Resources */,
				D3F8D4082BEF409B00015D7F /* Urbanist-Black.ttf in Resources */,
				D3F8D40A2BEF409B00015D7F /* Urbanist-ExtraBoldItalic.ttf in Resources */,
				D3F8D4102BEF409B00015D7F /* Urbanist-MediumItalic.ttf in Resources */,
				D3BC04922CDC428D000B5E1B /* holdingCoins.json in Resources */,
				D3F8D40D2BEF409B00015D7F /* Urbanist-Thin.ttf in Resources */,
				D3F8D4062BEF409B00015D7F /* Urbanist-Medium.ttf in Resources */,
				D3F8D4042BEF409B00015D7F /* Urbanist-Italic.ttf in Resources */,
			);
			runOnlyForDeploymentPostprocessing = 0;
		};
		D36AB22A2BEDAE9400F2262E /* Resources */ = {
			isa = PBXResourcesBuildPhase;
			buildActionMask = 2147483647;
			files = (
			);
			runOnlyForDeploymentPostprocessing = 0;
		};
		D36AB2342BEDAE9500F2262E /* Resources */ = {
			isa = PBXResourcesBuildPhase;
			buildActionMask = 2147483647;
			files = (
			);
			runOnlyForDeploymentPostprocessing = 0;
		};
/* End PBXResourcesBuildPhase section */

/* Begin PBXSourcesBuildPhase section */
		D36AB2182BEDAE9100F2262E /* Sources */ = {
			isa = PBXSourcesBuildPhase;
			buildActionMask = 2147483647;
			files = (
				D34173EC2C00309A00069824 /* CoinPrice.swift in Sources */,
				D34173F22C00360900069824 /* CoinChartViewModel.swift in Sources */,
				D3777A4F2BF51BDF00D2C053 /* HoldingCoinModel.swift in Sources */,
				D393A7CE2BEFDAD600287F29 /* AssetDetailView.swift in Sources */,
				D33CCB272C24E10700C5973B /* AddAssetView.swift in Sources */,
				D393A7D02BEFE1A200287F29 /* AssetSummary.swift in Sources */,
				D374FD862BF3C6A40075FC61 /* CoinDetailViewModel.swift in Sources */,
				D36AB2222BEDAE9100F2262E /* ContentView.swift in Sources */,
				D36AB24C2BEDAF1C00F2262E /* DashboardView.swift in Sources */,
				D36AB2202BEDAE9100F2262E /* CryptoWalletApp.swift in Sources */,
				D324DFB82BF1998F009C000C /* Coin.swift in Sources */,
				D3F65B452BF3578F009677FC /* AssetsColumnView.swift in Sources */,
				D34173F02C00340500069824 /* CoinPriceViewModel.swift in Sources */,
				D324DFBB2BF1A151009C000C /* PreviewProvider.swift in Sources */,
				D3D8A0C72C0463FC002EFCD0 /* SegmentedPicker.swift in Sources */,
				D33CCB292C24E49100C5973B /* EditHoldingValueView.swift in Sources */,
				D34173F42C00369600069824 /* CoinDetailView.swift in Sources */,
				D34173EA2C002CFB00069824 /* NetworkService.swift in Sources */,
				D34173EE2C0030DB00069824 /* CoinChartData.swift in Sources */,
				D324DFBD2BF1A416009C000C /* Double.swift in Sources */,
			);
			runOnlyForDeploymentPostprocessing = 0;
		};
		D36AB2282BEDAE9400F2262E /* Sources */ = {
			isa = PBXSourcesBuildPhase;
			buildActionMask = 2147483647;
			files = (
				D36AB2312BEDAE9400F2262E /* CryptoWalletTests.swift in Sources */,
			);
			runOnlyForDeploymentPostprocessing = 0;
		};
		D36AB2322BEDAE9500F2262E /* Sources */ = {
			isa = PBXSourcesBuildPhase;
			buildActionMask = 2147483647;
			files = (
				D36AB23D2BEDAE9500F2262E /* CryptoWalletUITestsLaunchTests.swift in Sources */,
				D36AB23B2BEDAE9500F2262E /* CryptoWalletUITests.swift in Sources */,
			);
			runOnlyForDeploymentPostprocessing = 0;
		};
/* End PBXSourcesBuildPhase section */

/* Begin PBXTargetDependency section */
		D36AB22E2BEDAE9400F2262E /* PBXTargetDependency */ = {
			isa = PBXTargetDependency;
			target = D36AB21B2BEDAE9100F2262E /* CryptoWallet */;
			targetProxy = D36AB22D2BEDAE9400F2262E /* PBXContainerItemProxy */;
		};
		D36AB2382BEDAE9500F2262E /* PBXTargetDependency */ = {
			isa = PBXTargetDependency;
			target = D36AB21B2BEDAE9100F2262E /* CryptoWallet */;
			targetProxy = D36AB2372BEDAE9500F2262E /* PBXContainerItemProxy */;
		};
/* End PBXTargetDependency section */

/* Begin XCBuildConfiguration section */
		D36AB23E2BEDAE9500F2262E /* Debug */ = {
			isa = XCBuildConfiguration;
			buildSettings = {
				ALWAYS_SEARCH_USER_PATHS = NO;
				ASSETCATALOG_COMPILER_GENERATE_SWIFT_ASSET_SYMBOL_EXTENSIONS = YES;
				CLANG_ANALYZER_NONNULL = YES;
				CLANG_ANALYZER_NUMBER_OBJECT_CONVERSION = YES_AGGRESSIVE;
				CLANG_CXX_LANGUAGE_STANDARD = "gnu++20";
				CLANG_ENABLE_MODULES = YES;
				CLANG_ENABLE_OBJC_ARC = YES;
				CLANG_ENABLE_OBJC_WEAK = YES;
				CLANG_WARN_BLOCK_CAPTURE_AUTORELEASING = YES;
				CLANG_WARN_BOOL_CONVERSION = YES;
				CLANG_WARN_COMMA = YES;
				CLANG_WARN_CONSTANT_CONVERSION = YES;
				CLANG_WARN_DEPRECATED_OBJC_IMPLEMENTATIONS = YES;
				CLANG_WARN_DIRECT_OBJC_ISA_USAGE = YES_ERROR;
				CLANG_WARN_DOCUMENTATION_COMMENTS = YES;
				CLANG_WARN_EMPTY_BODY = YES;
				CLANG_WARN_ENUM_CONVERSION = YES;
				CLANG_WARN_INFINITE_RECURSION = YES;
				CLANG_WARN_INT_CONVERSION = YES;
				CLANG_WARN_NON_LITERAL_NULL_CONVERSION = YES;
				CLANG_WARN_OBJC_IMPLICIT_RETAIN_SELF = YES;
				CLANG_WARN_OBJC_LITERAL_CONVERSION = YES;
				CLANG_WARN_OBJC_ROOT_CLASS = YES_ERROR;
				CLANG_WARN_QUOTED_INCLUDE_IN_FRAMEWORK_HEADER = YES;
				CLANG_WARN_RANGE_LOOP_ANALYSIS = YES;
				CLANG_WARN_STRICT_PROTOTYPES = YES;
				CLANG_WARN_SUSPICIOUS_MOVE = YES;
				CLANG_WARN_UNGUARDED_AVAILABILITY = YES_AGGRESSIVE;
				CLANG_WARN_UNREACHABLE_CODE = YES;
				CLANG_WARN__DUPLICATE_METHOD_MATCH = YES;
				COPY_PHASE_STRIP = NO;
				DEBUG_INFORMATION_FORMAT = dwarf;
				ENABLE_STRICT_OBJC_MSGSEND = YES;
				ENABLE_TESTABILITY = YES;
				ENABLE_USER_SCRIPT_SANDBOXING = YES;
				GCC_C_LANGUAGE_STANDARD = gnu17;
				GCC_DYNAMIC_NO_PIC = NO;
				GCC_NO_COMMON_BLOCKS = YES;
				GCC_OPTIMIZATION_LEVEL = 0;
				GCC_PREPROCESSOR_DEFINITIONS = (
					"DEBUG=1",
					"$(inherited)",
				);
				GCC_WARN_64_TO_32_BIT_CONVERSION = YES;
				GCC_WARN_ABOUT_RETURN_TYPE = YES_ERROR;
				GCC_WARN_UNDECLARED_SELECTOR = YES;
				GCC_WARN_UNINITIALIZED_AUTOS = YES_AGGRESSIVE;
				GCC_WARN_UNUSED_FUNCTION = YES;
				GCC_WARN_UNUSED_VARIABLE = YES;
				IPHONEOS_DEPLOYMENT_TARGET = 17.4;
				LOCALIZATION_PREFERS_STRING_CATALOGS = YES;
				MTL_ENABLE_DEBUG_INFO = INCLUDE_SOURCE;
				MTL_FAST_MATH = YES;
				ONLY_ACTIVE_ARCH = YES;
				SDKROOT = iphoneos;
				SWIFT_ACTIVE_COMPILATION_CONDITIONS = "DEBUG $(inherited)";
				SWIFT_OPTIMIZATION_LEVEL = "-Onone";
			};
			name = Debug;
		};
		D36AB23F2BEDAE9500F2262E /* Release */ = {
			isa = XCBuildConfiguration;
			buildSettings = {
				ALWAYS_SEARCH_USER_PATHS = NO;
				ASSETCATALOG_COMPILER_GENERATE_SWIFT_ASSET_SYMBOL_EXTENSIONS = YES;
				CLANG_ANALYZER_NONNULL = YES;
				CLANG_ANALYZER_NUMBER_OBJECT_CONVERSION = YES_AGGRESSIVE;
				CLANG_CXX_LANGUAGE_STANDARD = "gnu++20";
				CLANG_ENABLE_MODULES = YES;
				CLANG_ENABLE_OBJC_ARC = YES;
				CLANG_ENABLE_OBJC_WEAK = YES;
				CLANG_WARN_BLOCK_CAPTURE_AUTORELEASING = YES;
				CLANG_WARN_BOOL_CONVERSION = YES;
				CLANG_WARN_COMMA = YES;
				CLANG_WARN_CONSTANT_CONVERSION = YES;
				CLANG_WARN_DEPRECATED_OBJC_IMPLEMENTATIONS = YES;
				CLANG_WARN_DIRECT_OBJC_ISA_USAGE = YES_ERROR;
				CLANG_WARN_DOCUMENTATION_COMMENTS = YES;
				CLANG_WARN_EMPTY_BODY = YES;
				CLANG_WARN_ENUM_CONVERSION = YES;
				CLANG_WARN_INFINITE_RECURSION = YES;
				CLANG_WARN_INT_CONVERSION = YES;
				CLANG_WARN_NON_LITERAL_NULL_CONVERSION = YES;
				CLANG_WARN_OBJC_IMPLICIT_RETAIN_SELF = YES;
				CLANG_WARN_OBJC_LITERAL_CONVERSION = YES;
				CLANG_WARN_OBJC_ROOT_CLASS = YES_ERROR;
				CLANG_WARN_QUOTED_INCLUDE_IN_FRAMEWORK_HEADER = YES;
				CLANG_WARN_RANGE_LOOP_ANALYSIS = YES;
				CLANG_WARN_STRICT_PROTOTYPES = YES;
				CLANG_WARN_SUSPICIOUS_MOVE = YES;
				CLANG_WARN_UNGUARDED_AVAILABILITY = YES_AGGRESSIVE;
				CLANG_WARN_UNREACHABLE_CODE = YES;
				CLANG_WARN__DUPLICATE_METHOD_MATCH = YES;
				COPY_PHASE_STRIP = NO;
				DEBUG_INFORMATION_FORMAT = "dwarf-with-dsym";
				ENABLE_NS_ASSERTIONS = NO;
				ENABLE_STRICT_OBJC_MSGSEND = YES;
				ENABLE_USER_SCRIPT_SANDBOXING = YES;
				GCC_C_LANGUAGE_STANDARD = gnu17;
				GCC_NO_COMMON_BLOCKS = YES;
				GCC_WARN_64_TO_32_BIT_CONVERSION = YES;
				GCC_WARN_ABOUT_RETURN_TYPE = YES_ERROR;
				GCC_WARN_UNDECLARED_SELECTOR = YES;
				GCC_WARN_UNINITIALIZED_AUTOS = YES_AGGRESSIVE;
				GCC_WARN_UNUSED_FUNCTION = YES;
				GCC_WARN_UNUSED_VARIABLE = YES;
				IPHONEOS_DEPLOYMENT_TARGET = 17.4;
				LOCALIZATION_PREFERS_STRING_CATALOGS = YES;
				MTL_ENABLE_DEBUG_INFO = NO;
				MTL_FAST_MATH = YES;
				SDKROOT = iphoneos;
				SWIFT_COMPILATION_MODE = wholemodule;
				VALIDATE_PRODUCT = YES;
			};
			name = Release;
		};
		D36AB2412BEDAE9500F2262E /* Debug */ = {
			isa = XCBuildConfiguration;
			buildSettings = {
				ASSETCATALOG_COMPILER_APPICON_NAME = AppIcon;
				ASSETCATALOG_COMPILER_GLOBAL_ACCENT_COLOR_NAME = AccentColor;
				CODE_SIGN_STYLE = Automatic;
				CURRENT_PROJECT_VERSION = 1;
				DEVELOPMENT_ASSET_PATHS = "\"CryptoWallet/Preview Content\"";
				DEVELOPMENT_TEAM = 87K64UFX28;
				ENABLE_PREVIEWS = YES;
				GENERATE_INFOPLIST_FILE = YES;
				INFOPLIST_FILE = CryptoWallet/Info.plist;
				INFOPLIST_KEY_UIApplicationSupportsIndirectInputEvents = YES;
				INFOPLIST_KEY_UILaunchScreen_Generation = YES;
				INFOPLIST_KEY_UISupportedInterfaceOrientations_iPad = "UIInterfaceOrientationPortrait UIInterfaceOrientationPortraitUpsideDown UIInterfaceOrientationLandscapeLeft UIInterfaceOrientationLandscapeRight";
				INFOPLIST_KEY_UISupportedInterfaceOrientations_iPhone = "UIInterfaceOrientationPortrait UIInterfaceOrientationLandscapeLeft UIInterfaceOrientationLandscapeRight";
				LD_RUNPATH_SEARCH_PATHS = (
					"$(inherited)",
					"@executable_path/Frameworks",
				);
				MARKETING_VERSION = 1.0;
				PRODUCT_BUNDLE_IDENTIFIER = knu.kangggchan.CryptoWallet;
				PRODUCT_NAME = "$(TARGET_NAME)";
				SWIFT_EMIT_LOC_STRINGS = YES;
				SWIFT_VERSION = 5.0;
				TARGETED_DEVICE_FAMILY = "1,2";
			};
			name = Debug;
		};
		D36AB2422BEDAE9500F2262E /* Release */ = {
			isa = XCBuildConfiguration;
			buildSettings = {
				ASSETCATALOG_COMPILER_APPICON_NAME = AppIcon;
				ASSETCATALOG_COMPILER_GLOBAL_ACCENT_COLOR_NAME = AccentColor;
				CODE_SIGN_STYLE = Automatic;
				CURRENT_PROJECT_VERSION = 1;
				DEVELOPMENT_ASSET_PATHS = "\"CryptoWallet/Preview Content\"";
				DEVELOPMENT_TEAM = 87K64UFX28;
				ENABLE_PREVIEWS = YES;
				GENERATE_INFOPLIST_FILE = YES;
				INFOPLIST_FILE = CryptoWallet/Info.plist;
				INFOPLIST_KEY_UIApplicationSupportsIndirectInputEvents = YES;
				INFOPLIST_KEY_UILaunchScreen_Generation = YES;
				INFOPLIST_KEY_UISupportedInterfaceOrientations_iPad = "UIInterfaceOrientationPortrait UIInterfaceOrientationPortraitUpsideDown UIInterfaceOrientationLandscapeLeft UIInterfaceOrientationLandscapeRight";
				INFOPLIST_KEY_UISupportedInterfaceOrientations_iPhone = "UIInterfaceOrientationPortrait UIInterfaceOrientationLandscapeLeft UIInterfaceOrientationLandscapeRight";
				LD_RUNPATH_SEARCH_PATHS = (
					"$(inherited)",
					"@executable_path/Frameworks",
				);
				MARKETING_VERSION = 1.0;
				PRODUCT_BUNDLE_IDENTIFIER = knu.kangggchan.CryptoWallet;
				PRODUCT_NAME = "$(TARGET_NAME)";
				SWIFT_EMIT_LOC_STRINGS = YES;
				SWIFT_VERSION = 5.0;
				TARGETED_DEVICE_FAMILY = "1,2";
			};
			name = Release;
		};
		D36AB2442BEDAE9500F2262E /* Debug */ = {
			isa = XCBuildConfiguration;
			buildSettings = {
				ALWAYS_EMBED_SWIFT_STANDARD_LIBRARIES = YES;
				BUNDLE_LOADER = "$(TEST_HOST)";
				CODE_SIGN_STYLE = Automatic;
				CURRENT_PROJECT_VERSION = 1;
				DEVELOPMENT_TEAM = 87K64UFX28;
				GENERATE_INFOPLIST_FILE = YES;
				IPHONEOS_DEPLOYMENT_TARGET = 17.4;
				MARKETING_VERSION = 1.0;
				PRODUCT_BUNDLE_IDENTIFIER = knu.kangggchan.CryptoWalletTests;
				PRODUCT_NAME = "$(TARGET_NAME)";
				SWIFT_EMIT_LOC_STRINGS = NO;
				SWIFT_VERSION = 5.0;
				TARGETED_DEVICE_FAMILY = "1,2";
				TEST_HOST = "$(BUILT_PRODUCTS_DIR)/CryptoWallet.app/$(BUNDLE_EXECUTABLE_FOLDER_PATH)/CryptoWallet";
			};
			name = Debug;
		};
		D36AB2452BEDAE9500F2262E /* Release */ = {
			isa = XCBuildConfiguration;
			buildSettings = {
				ALWAYS_EMBED_SWIFT_STANDARD_LIBRARIES = YES;
				BUNDLE_LOADER = "$(TEST_HOST)";
				CODE_SIGN_STYLE = Automatic;
				CURRENT_PROJECT_VERSION = 1;
				DEVELOPMENT_TEAM = 87K64UFX28;
				GENERATE_INFOPLIST_FILE = YES;
				IPHONEOS_DEPLOYMENT_TARGET = 17.4;
				MARKETING_VERSION = 1.0;
				PRODUCT_BUNDLE_IDENTIFIER = knu.kangggchan.CryptoWalletTests;
				PRODUCT_NAME = "$(TARGET_NAME)";
				SWIFT_EMIT_LOC_STRINGS = NO;
				SWIFT_VERSION = 5.0;
				TARGETED_DEVICE_FAMILY = "1,2";
				TEST_HOST = "$(BUILT_PRODUCTS_DIR)/CryptoWallet.app/$(BUNDLE_EXECUTABLE_FOLDER_PATH)/CryptoWallet";
			};
			name = Release;
		};
		D36AB2472BEDAE9500F2262E /* Debug */ = {
			isa = XCBuildConfiguration;
			buildSettings = {
				ALWAYS_EMBED_SWIFT_STANDARD_LIBRARIES = YES;
				CODE_SIGN_STYLE = Automatic;
				CURRENT_PROJECT_VERSION = 1;
				DEVELOPMENT_TEAM = 87K64UFX28;
				GENERATE_INFOPLIST_FILE = YES;
				MARKETING_VERSION = 1.0;
				PRODUCT_BUNDLE_IDENTIFIER = knu.kangggchan.CryptoWalletUITests;
				PRODUCT_NAME = "$(TARGET_NAME)";
				SWIFT_EMIT_LOC_STRINGS = NO;
				SWIFT_VERSION = 5.0;
				TARGETED_DEVICE_FAMILY = "1,2";
				TEST_TARGET_NAME = CryptoWallet;
			};
			name = Debug;
		};
		D36AB2482BEDAE9500F2262E /* Release */ = {
			isa = XCBuildConfiguration;
			buildSettings = {
				ALWAYS_EMBED_SWIFT_STANDARD_LIBRARIES = YES;
				CODE_SIGN_STYLE = Automatic;
				CURRENT_PROJECT_VERSION = 1;
				DEVELOPMENT_TEAM = 87K64UFX28;
				GENERATE_INFOPLIST_FILE = YES;
				MARKETING_VERSION = 1.0;
				PRODUCT_BUNDLE_IDENTIFIER = knu.kangggchan.CryptoWalletUITests;
				PRODUCT_NAME = "$(TARGET_NAME)";
				SWIFT_EMIT_LOC_STRINGS = NO;
				SWIFT_VERSION = 5.0;
				TARGETED_DEVICE_FAMILY = "1,2";
				TEST_TARGET_NAME = CryptoWallet;
			};
			name = Release;
		};
/* End XCBuildConfiguration section */

/* Begin XCConfigurationList section */
		D36AB2172BEDAE9100F2262E /* Build configuration list for PBXProject "CryptoWallet" */ = {
			isa = XCConfigurationList;
			buildConfigurations = (
				D36AB23E2BEDAE9500F2262E /* Debug */,
				D36AB23F2BEDAE9500F2262E /* Release */,
			);
			defaultConfigurationIsVisible = 0;
			defaultConfigurationName = Release;
		};
		D36AB2402BEDAE9500F2262E /* Build configuration list for PBXNativeTarget "CryptoWallet" */ = {
			isa = XCConfigurationList;
			buildConfigurations = (
				D36AB2412BEDAE9500F2262E /* Debug */,
				D36AB2422BEDAE9500F2262E /* Release */,
			);
			defaultConfigurationIsVisible = 0;
			defaultConfigurationName = Release;
		};
		D36AB2432BEDAE9500F2262E /* Build configuration list for PBXNativeTarget "CryptoWalletTests" */ = {
			isa = XCConfigurationList;
			buildConfigurations = (
				D36AB2442BEDAE9500F2262E /* Debug */,
				D36AB2452BEDAE9500F2262E /* Release */,
			);
			defaultConfigurationIsVisible = 0;
			defaultConfigurationName = Release;
		};
		D36AB2462BEDAE9500F2262E /* Build configuration list for PBXNativeTarget "CryptoWalletUITests" */ = {
			isa = XCConfigurationList;
			buildConfigurations = (
				D36AB2472BEDAE9500F2262E /* Debug */,
				D36AB2482BEDAE9500F2262E /* Release */,
			);
			defaultConfigurationIsVisible = 0;
			defaultConfigurationName = Release;
		};
/* End XCConfigurationList section */

/* Begin XCRemoteSwiftPackageReference section */
		D393A7C32BEF7C0400287F29 /* XCRemoteSwiftPackageReference "ChartView" */ = {
			isa = XCRemoteSwiftPackageReference;
			repositoryURL = "https://github.com/AppPear/ChartView";
			requirement = {
				kind = upToNextMajorVersion;
				minimumVersion = 1.5.5;
			};
		};
		D393A7D12BF0EFAC00287F29 /* XCRemoteSwiftPackageReference "LineChartView" */ = {
			isa = XCRemoteSwiftPackageReference;
			repositoryURL = "https://github.com/Jonathan-Gander/LineChartView";
			requirement = {
				kind = upToNextMajorVersion;
				minimumVersion = 1.4.0;
			};
		};
		D3F65B462BF39E36009677FC /* XCRemoteSwiftPackageReference "neumorphic" */ = {
			isa = XCRemoteSwiftPackageReference;
			repositoryURL = "https://github.com/costachung/neumorphic.git";
			requirement = {
				branch = master;
				kind = branch;
			};
		};
/* End XCRemoteSwiftPackageReference section */

/* Begin XCSwiftPackageProductDependency section */
		D374FD802BF3A11E0075FC61 /* Neumorphic */ = {
			isa = XCSwiftPackageProductDependency;
			package = D3F65B462BF39E36009677FC /* XCRemoteSwiftPackageReference "neumorphic" */;
			productName = Neumorphic;
		};
		D393A7C62BEF7C6C00287F29 /* SwiftUICharts */ = {
			isa = XCSwiftPackageProductDependency;
			package = D393A7C32BEF7C0400287F29 /* XCRemoteSwiftPackageReference "ChartView" */;
			productName = SwiftUICharts;
		};
		D393A7D22BF0F00700287F29 /* LineChartView */ = {
			isa = XCSwiftPackageProductDependency;
			package = D393A7D12BF0EFAC00287F29 /* XCRemoteSwiftPackageReference "LineChartView" */;
			productName = LineChartView;
		};
/* End XCSwiftPackageProductDependency section */
	};
	rootObject = D36AB2142BEDAE9100F2262E /* Project object */;
}
